
Microsoft Visual Studio Solution File, Format Version 11.00
# Visual Studio 2010
Project("{FAE04EC0-301F-11D3-BF4B-00C04F79EFBC}") = "Assembly-CSharp", "Assembly-CSharp.csproj", "{6056968B-0BD0-09BE-3397-7CF40498C254}"
EndProject
Project("{FAE04EC0-301F-11D3-BF4B-00C04F79EFBC}") = "Assembly-CSharp-Editor", "Assembly-CSharp-Editor.csproj", "{98CFF54E-DE74-B437-48FB-7E3624C30DAE}"
EndProject
Global
	GlobalSection(SolutionConfigurationPlatforms) = preSolution
		Debug|Any CPU = Debug|Any CPU
		Release|Any CPU = Release|Any CPU
	EndGlobalSection
	GlobalSection(ProjectConfigurationPlatforms) = postSolution
		{6056968B-0BD0-09BE-3397-7CF40498C254}.Debug|Any CPU.ActiveCfg = Debug|Any CPU
		{6056968B-0BD0-09BE-3397-7CF40498C254}.Debug|Any CPU.Build.0 = Debug|Any CPU
		{6056968B-0BD0-09BE-3397-7CF40498C254}.Release|Any CPU.ActiveCfg = Release|Any CPU
		{6056968B-0BD0-09BE-3397-7CF40498C254}.Release|Any CPU.Build.0 = Release|Any CPU
		{98CFF54E-DE74-B437-48FB-7E3624C30DAE}.Debug|Any CPU.ActiveCfg = Debug|Any CPU
		{98CFF54E-DE74-B437-48FB-7E3624C30DAE}.Debug|Any CPU.Build.0 = Debug|Any CPU
		{98CFF54E-DE74-B437-48FB-7E3624C30DAE}.Release|Any CPU.ActiveCfg = Release|Any CPU
		{98CFF54E-DE74-B437-48FB-7E3624C30DAE}.Release|Any CPU.Build.0 = Release|Any CPU
	EndGlobalSection
	GlobalSection(SolutionProperties) = preSolution
		HideSolutionNode = FALSE
	EndGlobalSection
EndGlobal
